
Microsoft Visual Studio Solution File, Format Version 12.00
# Visual Studio Version 17
VisualStudioVersion = 17.6.33801.468
MinimumVisualStudioVersion = 10.0.40219.1
Project("{FAE04EC0-301F-11D3-BF4B-00C04F79EFBC}") = "MultRH-MVC", "MultRH-MVC\MultRH-MVC.csproj", "{932D9B3A-0A5A-48FB-BCC4-3C009D324B68}"
EndProject
Global
	GlobalSection(SolutionConfigurationPlatforms) = preSolution
		Debug|Any CPU = Debug|Any CPU
		Release|Any CPU = Release|Any CPU
	EndGlobalSection
	GlobalSection(ProjectConfigurationPlatforms) = postSolution
		{932D9B3A-0A5A-48FB-BCC4-3C009D324B68}.Debug|Any CPU.ActiveCfg = Debug|Any CPU
		{932D9B3A-0A5A-48FB-BCC4-3C009D324B68}.Debug|Any CPU.Build.0 = Debug|Any CPU
		{932D9B3A-0A5A-48FB-BCC4-3C009D324B68}.Release|Any CPU.ActiveCfg = Release|Any CPU
		{932D9B3A-0A5A-48FB-BCC4-3C009D324B68}.Release|Any CPU.Build.0 = Release|Any CPU
	EndGlobalSection
	GlobalSection(SolutionProperties) = preSolution
		HideSolutionNode = FALSE
	EndGlobalSection
	GlobalSection(ExtensibilityGlobals) = postSolution
		SolutionGuid = {A35C115A-1459-40BF-AB06-2465D1BAF439}
	EndGlobalSection
EndGlobal
